
Microsoft Visual Studio Solution File, Format Version 12.00
# Visual Studio 14
VisualStudioVersion = 14.0.23107.0
MinimumVisualStudioVersion = 10.0.40219.1
Project("{FAE04EC0-301F-11D3-BF4B-00C04F79EFBC}") = "CommonTypes", "CommonTypes\CommonTypes.csproj", "{520B8EC5-3165-430C-80B1-B593736A3855}"
EndProject
Project("{FAE04EC0-301F-11D3-BF4B-00C04F79EFBC}") = "Model", "Model\Model.csproj", "{40F647A5-51F6-4798-A06A-9B5DFBED12BF}"
EndProject
Project("{FAE04EC0-301F-11D3-BF4B-00C04F79EFBC}") = "DataAccess", "DataAccess\DataAccess.csproj", "{C039E7BE-8CD2-4D2B-B4D5-5B3A46637D8B}"
EndProject
Project("{FAE04EC0-301F-11D3-BF4B-00C04F79EFBC}") = "ModelTests", "ModelTests\ModelTests.csproj", "{6311FA80-A18A-41ED-9797-4A107C463154}"
EndProject
Project("{FAE04EC0-301F-11D3-BF4B-00C04F79EFBC}") = "AngularStart", "AngularStart\AngularStart.csproj", "{9B8BF380-7F42-4F02-8107-2C03CA88527C}"
EndProject
Global
	GlobalSection(SolutionConfigurationPlatforms) = preSolution
		Debug|Any CPU = Debug|Any CPU
		Release|Any CPU = Release|Any CPU
	EndGlobalSection
	GlobalSection(ProjectConfigurationPlatforms) = postSolution
		{520B8EC5-3165-430C-80B1-B593736A3855}.Debug|Any CPU.ActiveCfg = Debug|Any CPU
		{520B8EC5-3165-430C-80B1-B593736A3855}.Debug|Any CPU.Build.0 = Debug|Any CPU
		{520B8EC5-3165-430C-80B1-B593736A3855}.Release|Any CPU.ActiveCfg = Release|Any CPU
		{520B8EC5-3165-430C-80B1-B593736A3855}.Release|Any CPU.Build.0 = Release|Any CPU
		{40F647A5-51F6-4798-A06A-9B5DFBED12BF}.Debug|Any CPU.ActiveCfg = Debug|Any CPU
		{40F647A5-51F6-4798-A06A-9B5DFBED12BF}.Debug|Any CPU.Build.0 = Debug|Any CPU
		{40F647A5-51F6-4798-A06A-9B5DFBED12BF}.Release|Any CPU.ActiveCfg = Release|Any CPU
		{40F647A5-51F6-4798-A06A-9B5DFBED12BF}.Release|Any CPU.Build.0 = Release|Any CPU
		{C039E7BE-8CD2-4D2B-B4D5-5B3A46637D8B}.Debug|Any CPU.ActiveCfg = Debug|Any CPU
		{C039E7BE-8CD2-4D2B-B4D5-5B3A46637D8B}.Debug|Any CPU.Build.0 = Debug|Any CPU
		{C039E7BE-8CD2-4D2B-B4D5-5B3A46637D8B}.Release|Any CPU.ActiveCfg = Release|Any CPU
		{C039E7BE-8CD2-4D2B-B4D5-5B3A46637D8B}.Release|Any CPU.Build.0 = Release|Any CPU
		{6311FA80-A18A-41ED-9797-4A107C463154}.Debug|Any CPU.ActiveCfg = Debug|Any CPU
		{6311FA80-A18A-41ED-9797-4A107C463154}.Debug|Any CPU.Build.0 = Debug|Any CPU
		{6311FA80-A18A-41ED-9797-4A107C463154}.Release|Any CPU.ActiveCfg = Release|Any CPU
		{6311FA80-A18A-41ED-9797-4A107C463154}.Release|Any CPU.Build.0 = Release|Any CPU
		{9B8BF380-7F42-4F02-8107-2C03CA88527C}.Debug|Any CPU.ActiveCfg = Debug|Any CPU
		{9B8BF380-7F42-4F02-8107-2C03CA88527C}.Debug|Any CPU.Build.0 = Debug|Any CPU
		{9B8BF380-7F42-4F02-8107-2C03CA88527C}.Release|Any CPU.ActiveCfg = Release|Any CPU
		{9B8BF380-7F42-4F02-8107-2C03CA88527C}.Release|Any CPU.Build.0 = Release|Any CPU
	EndGlobalSection
	GlobalSection(SolutionProperties) = preSolution
		HideSolutionNode = FALSE
	EndGlobalSection
EndGlobal
